
Microsoft Visual Studio Solution File, Format Version 12.00
# Visual Studio Version 16
VisualStudioVersion = 16.0.34301.259
MinimumVisualStudioVersion = 10.0.40219.1
Project("{FAE04EC0-301F-11D3-BF4B-00C04F79EFBC}") = "GitLabApp", "GitLabApp\GitLabApp.csproj", "{12F1B714-DDAF-4DA7-94B3-3553CF12688A}"
EndProject
Global
	GlobalSection(SolutionConfigurationPlatforms) = preSolution
		Debug|Any CPU = Debug|Any CPU
		Release|Any CPU = Release|Any CPU
	EndGlobalSection
	GlobalSection(ProjectConfigurationPlatforms) = postSolution
		{12F1B714-DDAF-4DA7-94B3-3553CF12688A}.Debug|Any CPU.ActiveCfg = Debug|Any CPU
		{12F1B714-DDAF-4DA7-94B3-3553CF12688A}.Debug|Any CPU.Build.0 = Debug|Any CPU
		{12F1B714-DDAF-4DA7-94B3-3553CF12688A}.Release|Any CPU.ActiveCfg = Release|Any CPU
		{12F1B714-DDAF-4DA7-94B3-3553CF12688A}.Release|Any CPU.Build.0 = Release|Any CPU
	EndGlobalSection
	GlobalSection(SolutionProperties) = preSolution
		HideSolutionNode = FALSE
	EndGlobalSection
	GlobalSection(ExtensibilityGlobals) = postSolution
		SolutionGuid = {ADB99DA3-40AD-412E-98ED-A2EA00ED9D6D}
	EndGlobalSection
EndGlobal
